// !$*UTF8*$!
{
	archiveVersion = 1;
	classes = {
	};
	objectVersion = 56;
	objects = {

/* Begin PBXBuildFile section */
		6AB0368F2D14606300A136DD /* AddWordsView.swift in Sources */ = {isa = PBXBuildFile; fileRef = 6AB0368E2D14606300A136DD /* AddWordsView.swift */; };
		6AB036912D14616000A136DD /* AddWordViewModel.swift in Sources */ = {isa = PBXBuildFile; fileRef = 6AB036902D14616000A136DD /* AddWordViewModel.swift */; };
		6AB036932D1465AD00A136DD /* Word.swift in Sources */ = {isa = PBXBuildFile; fileRef = 6AB036922D1465AD00A136DD /* Word.swift */; };
		E189B7DD2BFF7CCD0051685B /* p.swift in Sources */ = {isa = PBXBuildFile; fileRef = E189B7DC2BFF7CCD0051685B /* p.swift */; };
		E19256F12BF814A2008E6C35 /* fibrilApp.swift in Sources */ = {isa = PBXBuildFile; fileRef = E19256F02BF814A2008E6C35 /* fibrilApp.swift */; };
		E19256F32BF814A2008E6C35 /* ContentView.swift in Sources */ = {isa = PBXBuildFile; fileRef = E19256F22BF814A2008E6C35 /* ContentView.swift */; };
		E19256F52BF814A3008E6C35 /* Assets.xcassets in Resources */ = {isa = PBXBuildFile; fileRef = E19256F42BF814A3008E6C35 /* Assets.xcassets */; };
		E19256F92BF814A3008E6C35 /* Preview Assets.xcassets in Resources */ = {isa = PBXBuildFile; fileRef = E19256F82BF814A3008E6C35 /* Preview Assets.xcassets */; };
		E19257032BF814A3008E6C35 /* fibrilTests.swift in Sources */ = {isa = PBXBuildFile; fileRef = E19257022BF814A3008E6C35 /* fibrilTests.swift */; };
		E192570D2BF814A3008E6C35 /* fibrilUITests.swift in Sources */ = {isa = PBXBuildFile; fileRef = E192570C2BF814A3008E6C35 /* fibrilUITests.swift */; };
		E192570F2BF814A3008E6C35 /* fibrilUITestsLaunchTests.swift in Sources */ = {isa = PBXBuildFile; fileRef = E192570E2BF814A3008E6C35 /* fibrilUITestsLaunchTests.swift */; };
		E192571F2BF814ED008E6C35 /* ProfileView.swift in Sources */ = {isa = PBXBuildFile; fileRef = E192571E2BF814ED008E6C35 /* ProfileView.swift */; };
		E19257212BF8150C008E6C35 /* MainMapView.swift in Sources */ = {isa = PBXBuildFile; fileRef = E19257202BF8150C008E6C35 /* MainMapView.swift */; };
		E19257232BF81521008E6C35 /* MainSaveView.swift in Sources */ = {isa = PBXBuildFile; fileRef = E19257222BF81521008E6C35 /* MainSaveView.swift */; };
		E19257252BF8156D008E6C35 /* SaveViewModel.swift in Sources */ = {isa = PBXBuildFile; fileRef = E19257242BF8156D008E6C35 /* SaveViewModel.swift */; };
		E19257272BF81588008E6C35 /* Item.swift in Sources */ = {isa = PBXBuildFile; fileRef = E19257262BF81588008E6C35 /* Item.swift */; };
		E19257292BF81B62008E6C35 /* AddInfoView.swift in Sources */ = {isa = PBXBuildFile; fileRef = E19257282BF81B62008E6C35 /* AddInfoView.swift */; };
		E192572C2BF82320008E6C35 /* TextBodySaveView.swift in Sources */ = {isa = PBXBuildFile; fileRef = E192572B2BF82320008E6C35 /* TextBodySaveView.swift */; };
		E192572E2BF823EE008E6C35 /* WebSaveView.swift in Sources */ = {isa = PBXBuildFile; fileRef = E192572D2BF823EE008E6C35 /* WebSaveView.swift */; };
		E19257322BF82E85008E6C35 /* LocationSaveView.swift in Sources */ = {isa = PBXBuildFile; fileRef = E19257312BF82E85008E6C35 /* LocationSaveView.swift */; };
		E19257342BF82E92008E6C35 /* TagSaveView.swift in Sources */ = {isa = PBXBuildFile; fileRef = E19257332BF82E92008E6C35 /* TagSaveView.swift */; };
		E19257362BF82EAF008E6C35 /* ConnectionSaveView.swift in Sources */ = {isa = PBXBuildFile; fileRef = E19257352BF82EAF008E6C35 /* ConnectionSaveView.swift */; };
		E19257382BF83C16008E6C35 /* scrap.swift in Sources */ = {isa = PBXBuildFile; fileRef = E19257372BF83C16008E6C35 /* scrap.swift */; };
		E192573A2BF84EA8008E6C35 /* WebView.swift in Sources */ = {isa = PBXBuildFile; fileRef = E19257392BF84EA8008E6C35 /* WebView.swift */; };
		E192573C2BFA2A85008E6C35 /* Test.swift in Sources */ = {isa = PBXBuildFile; fileRef = E192573B2BFA2A85008E6C35 /* Test.swift */; };
		E192573E2BFEA2B4008E6C35 /* ToolBarView.swift in Sources */ = {isa = PBXBuildFile; fileRef = E192573D2BFEA2B4008E6C35 /* ToolBarView.swift */; };
		E1B8F8652BFEC80D00C67491 /* PhotoItemView.swift in Sources */ = {isa = PBXBuildFile; fileRef = E1B8F8642BFEC80D00C67491 /* PhotoItemView.swift */; };
		E1F179BD2BFEAD4A00E6DBC9 /* AddObjectView.swift in Sources */ = {isa = PBXBuildFile; fileRef = E1F179BC2BFEAD4A00E6DBC9 /* AddObjectView.swift */; };
		E1F179C02BFEADB900E6DBC9 /* TitleSaveView.swift in Sources */ = {isa = PBXBuildFile; fileRef = E1F179BF2BFEADB900E6DBC9 /* TitleSaveView.swift */; };
		E1F179C22BFEAE4900E6DBC9 /* DividerView.swift in Sources */ = {isa = PBXBuildFile; fileRef = E1F179C12BFEAE4900E6DBC9 /* DividerView.swift */; };
		E1F179C42BFEAF4800E6DBC9 /* BodyTextAddView.swift in Sources */ = {isa = PBXBuildFile; fileRef = E1F179C32BFEAF4800E6DBC9 /* BodyTextAddView.swift */; };
		E1F179C62BFEAFA700E6DBC9 /* WebAddView.swift in Sources */ = {isa = PBXBuildFile; fileRef = E1F179C52BFEAFA700E6DBC9 /* WebAddView.swift */; };
/* End PBXBuildFile section */

/* Begin PBXContainerItemProxy section */
		E19256FF2BF814A3008E6C35 /* PBXContainerItemProxy */ = {
			isa = PBXContainerItemProxy;
			containerPortal = E19256E52BF814A2008E6C35 /* Project object */;
			proxyType = 1;
			remoteGlobalIDString = E19256EC2BF814A2008E6C35;
			remoteInfo = fibril;
		};
		E19257092BF814A3008E6C35 /* PBXContainerItemProxy */ = {
			isa = PBXContainerItemProxy;
			containerPortal = E19256E52BF814A2008E6C35 /* Project object */;
			proxyType = 1;
			remoteGlobalIDString = E19256EC2BF814A2008E6C35;
			remoteInfo = fibril;
		};
/* End PBXContainerItemProxy section */

/* Begin PBXFileReference section */
		6AB0368E2D14606300A136DD /* AddWordsView.swift */ = {isa = PBXFileReference; lastKnownFileType = sourcecode.swift; path = AddWordsView.swift; sourceTree = "<group>"; };
		6AB036902D14616000A136DD /* AddWordViewModel.swift */ = {isa = PBXFileReference; lastKnownFileType = sourcecode.swift; path = AddWordViewModel.swift; sourceTree = "<group>"; };
		6AB036922D1465AD00A136DD /* Word.swift */ = {isa = PBXFileReference; lastKnownFileType = sourcecode.swift; path = Word.swift; sourceTree = "<group>"; };
		E189B7DC2BFF7CCD0051685B /* p.swift */ = {isa = PBXFileReference; lastKnownFileType = sourcecode.swift; path = p.swift; sourceTree = "<group>"; };
		E19256ED2BF814A2008E6C35 /* fibril.app */ = {isa = PBXFileReference; explicitFileType = wrapper.application; includeInIndex = 0; path = fibril.app; sourceTree = BUILT_PRODUCTS_DIR; };
		E19256F02BF814A2008E6C35 /* fibrilApp.swift */ = {isa = PBXFileReference; lastKnownFileType = sourcecode.swift; path = fibrilApp.swift; sourceTree = "<group>"; };
		E19256F22BF814A2008E6C35 /* ContentView.swift */ = {isa = PBXFileReference; lastKnownFileType = sourcecode.swift; path = ContentView.swift; sourceTree = "<group>"; };
		E19256F42BF814A3008E6C35 /* Assets.xcassets */ = {isa = PBXFileReference; lastKnownFileType = folder.assetcatalog; path = Assets.xcassets; sourceTree = "<group>"; };
		E19256F62BF814A3008E6C35 /* fibril.entitlements */ = {isa = PBXFileReference; lastKnownFileType = text.plist.entitlements; path = fibril.entitlements; sourceTree = "<group>"; };
		E19256F82BF814A3008E6C35 /* Preview Assets.xcassets */ = {isa = PBXFileReference; lastKnownFileType = folder.assetcatalog; path = "Preview Assets.xcassets"; sourceTree = "<group>"; };
		E19256FE2BF814A3008E6C35 /* fibrilTests.xctest */ = {isa = PBXFileReference; explicitFileType = wrapper.cfbundle; includeInIndex = 0; path = fibrilTests.xctest; sourceTree = BUILT_PRODUCTS_DIR; };
		E19257022BF814A3008E6C35 /* fibrilTests.swift */ = {isa = PBXFileReference; lastKnownFileType = sourcecode.swift; path = fibrilTests.swift; sourceTree = "<group>"; };
		E19257082BF814A3008E6C35 /* fibrilUITests.xctest */ = {isa = PBXFileReference; explicitFileType = wrapper.cfbundle; includeInIndex = 0; path = fibrilUITests.xctest; sourceTree = BUILT_PRODUCTS_DIR; };
		E192570C2BF814A3008E6C35 /* fibrilUITests.swift */ = {isa = PBXFileReference; lastKnownFileType = sourcecode.swift; path = fibrilUITests.swift; sourceTree = "<group>"; };
		E192570E2BF814A3008E6C35 /* fibrilUITestsLaunchTests.swift */ = {isa = PBXFileReference; lastKnownFileType = sourcecode.swift; path = fibrilUITestsLaunchTests.swift; sourceTree = "<group>"; };
		E192571E2BF814ED008E6C35 /* ProfileView.swift */ = {isa = PBXFileReference; lastKnownFileType = sourcecode.swift; path = ProfileView.swift; sourceTree = "<group>"; };
		E19257202BF8150C008E6C35 /* MainMapView.swift */ = {isa = PBXFileReference; lastKnownFileType = sourcecode.swift; path = MainMapView.swift; sourceTree = "<group>"; };
		E19257222BF81521008E6C35 /* MainSaveView.swift */ = {isa = PBXFileReference; lastKnownFileType = sourcecode.swift; path = MainSaveView.swift; sourceTree = "<group>"; };
		E19257242BF8156D008E6C35 /* SaveViewModel.swift */ = {isa = PBXFileReference; lastKnownFileType = sourcecode.swift; path = SaveViewModel.swift; sourceTree = "<group>"; };
		E19257262BF81588008E6C35 /* Item.swift */ = {isa = PBXFileReference; lastKnownFileType = sourcecode.swift; path = Item.swift; sourceTree = "<group>"; };
		E19257282BF81B62008E6C35 /* AddInfoView.swift */ = {isa = PBXFileReference; lastKnownFileType = sourcecode.swift; path = AddInfoView.swift; sourceTree = "<group>"; };
		E192572B2BF82320008E6C35 /* TextBodySaveView.swift */ = {isa = PBXFileReference; lastKnownFileType = sourcecode.swift; path = TextBodySaveView.swift; sourceTree = "<group>"; };
		E192572D2BF823EE008E6C35 /* WebSaveView.swift */ = {isa = PBXFileReference; lastKnownFileType = sourcecode.swift; path = WebSaveView.swift; sourceTree = "<group>"; };
		E19257312BF82E85008E6C35 /* LocationSaveView.swift */ = {isa = PBXFileReference; lastKnownFileType = sourcecode.swift; path = LocationSaveView.swift; sourceTree = "<group>"; };
		E19257332BF82E92008E6C35 /* TagSaveView.swift */ = {isa = PBXFileReference; lastKnownFileType = sourcecode.swift; path = TagSaveView.swift; sourceTree = "<group>"; };
		E19257352BF82EAF008E6C35 /* ConnectionSaveView.swift */ = {isa = PBXFileReference; lastKnownFileType = sourcecode.swift; path = ConnectionSaveView.swift; sourceTree = "<group>"; };
		E19257372BF83C16008E6C35 /* scrap.swift */ = {isa = PBXFileReference; lastKnownFileType = sourcecode.swift; path = scrap.swift; sourceTree = "<group>"; };
		E19257392BF84EA8008E6C35 /* WebView.swift */ = {isa = PBXFileReference; lastKnownFileType = sourcecode.swift; path = WebView.swift; sourceTree = "<group>"; };
		E192573B2BFA2A85008E6C35 /* Test.swift */ = {isa = PBXFileReference; lastKnownFileType = sourcecode.swift; path = Test.swift; sourceTree = "<group>"; };
		E192573D2BFEA2B4008E6C35 /* ToolBarView.swift */ = {isa = PBXFileReference; lastKnownFileType = sourcecode.swift; path = ToolBarView.swift; sourceTree = "<group>"; };
		E1B8F8642BFEC80D00C67491 /* PhotoItemView.swift */ = {isa = PBXFileReference; lastKnownFileType = sourcecode.swift; path = PhotoItemView.swift; sourceTree = "<group>"; };
		E1F179BC2BFEAD4A00E6DBC9 /* AddObjectView.swift */ = {isa = PBXFileReference; lastKnownFileType = sourcecode.swift; path = AddObjectView.swift; sourceTree = "<group>"; };
		E1F179BF2BFEADB900E6DBC9 /* TitleSaveView.swift */ = {isa = PBXFileReference; lastKnownFileType = sourcecode.swift; path = TitleSaveView.swift; sourceTree = "<group>"; };
		E1F179C12BFEAE4900E6DBC9 /* DividerView.swift */ = {isa = PBXFileReference; lastKnownFileType = sourcecode.swift; path = DividerView.swift; sourceTree = "<group>"; };
		E1F179C32BFEAF4800E6DBC9 /* BodyTextAddView.swift */ = {isa = PBXFileReference; lastKnownFileType = sourcecode.swift; path = BodyTextAddView.swift; sourceTree = "<group>"; };
		E1F179C52BFEAFA700E6DBC9 /* WebAddView.swift */ = {isa = PBXFileReference; lastKnownFileType = sourcecode.swift; path = WebAddView.swift; sourceTree = "<group>"; };
/* End PBXFileReference section */

/* Begin PBXFrameworksBuildPhase section */
		E19256EA2BF814A2008E6C35 /* Frameworks */ = {
			isa = PBXFrameworksBuildPhase;
			buildActionMask = 2147483647;
			files = (
			);
			runOnlyForDeploymentPostprocessing = 0;
		};
		E19256FB2BF814A3008E6C35 /* Frameworks */ = {
			isa = PBXFrameworksBuildPhase;
			buildActionMask = 2147483647;
			files = (
			);
			runOnlyForDeploymentPostprocessing = 0;
		};
		E19257052BF814A3008E6C35 /* Frameworks */ = {
			isa = PBXFrameworksBuildPhase;
			buildActionMask = 2147483647;
			files = (
			);
			runOnlyForDeploymentPostprocessing = 0;
		};
/* End PBXFrameworksBuildPhase section */

/* Begin PBXGroup section */
		E19256E42BF814A2008E6C35 = {
			isa = PBXGroup;
			children = (
				6AB0368E2D14606300A136DD /* AddWordsView.swift */,
				6AB036902D14616000A136DD /* AddWordViewModel.swift */,
				6AB036922D1465AD00A136DD /* Word.swift */,
				E189B7DC2BFF7CCD0051685B /* p.swift */,
				E192573B2BFA2A85008E6C35 /* Test.swift */,
				E19257372BF83C16008E6C35 /* scrap.swift */,
				E19256EF2BF814A2008E6C35 /* fibril */,
				E19257012BF814A3008E6C35 /* fibrilTests */,
				E192570B2BF814A3008E6C35 /* fibrilUITests */,
				E19256EE2BF814A2008E6C35 /* Products */,
			);
			sourceTree = "<group>";
		};
		E19256EE2BF814A2008E6C35 /* Products */ = {
			isa = PBXGroup;
			children = (
				E19256ED2BF814A2008E6C35 /* fibril.app */,
				E19256FE2BF814A3008E6C35 /* fibrilTests.xctest */,
				E19257082BF814A3008E6C35 /* fibrilUITests.xctest */,
			);
			name = Products;
			sourceTree = "<group>";
		};
		E19256EF2BF814A2008E6C35 /* fibril */ = {
			isa = PBXGroup;
			children = (
				E1F179BB2BFEAD3300E6DBC9 /* Object */,
				E192571D2BF814E3008E6C35 /* Profile */,
				E192571C2BF814D4008E6C35 /* Save */,
				E192571B2BF814CF008E6C35 /* Map */,
				E19256F02BF814A2008E6C35 /* fibrilApp.swift */,
				E19256F22BF814A2008E6C35 /* ContentView.swift */,
				E19256F42BF814A3008E6C35 /* Assets.xcassets */,
				E19256F62BF814A3008E6C35 /* fibril.entitlements */,
				E19256F72BF814A3008E6C35 /* Preview Content */,
			);
			path = fibril;
			sourceTree = "<group>";
		};
		E19256F72BF814A3008E6C35 /* Preview Content */ = {
			isa = PBXGroup;
			children = (
				E19256F82BF814A3008E6C35 /* Preview Assets.xcassets */,
			);
			path = "Preview Content";
			sourceTree = "<group>";
		};
		E19257012BF814A3008E6C35 /* fibrilTests */ = {
			isa = PBXGroup;
			children = (
				E19257022BF814A3008E6C35 /* fibrilTests.swift */,
			);
			path = fibrilTests;
			sourceTree = "<group>";
		};
		E192570B2BF814A3008E6C35 /* fibrilUITests */ = {
			isa = PBXGroup;
			children = (
				E192570C2BF814A3008E6C35 /* fibrilUITests.swift */,
				E192570E2BF814A3008E6C35 /* fibrilUITestsLaunchTests.swift */,
			);
			path = fibrilUITests;
			sourceTree = "<group>";
		};
		E192571B2BF814CF008E6C35 /* Map */ = {
			isa = PBXGroup;
			children = (
				E19257202BF8150C008E6C35 /* MainMapView.swift */,
			);
			path = Map;
			sourceTree = "<group>";
		};
		E192571C2BF814D4008E6C35 /* Save */ = {
			isa = PBXGroup;
			children = (
				E192572A2BF822DA008E6C35 /* SaveComponents */,
				E19257222BF81521008E6C35 /* MainSaveView.swift */,
				E19257242BF8156D008E6C35 /* SaveViewModel.swift */,
				E19257262BF81588008E6C35 /* Item.swift */,
				E19257282BF81B62008E6C35 /* AddInfoView.swift */,
			);
			path = Save;
			sourceTree = "<group>";
		};
		E192571D2BF814E3008E6C35 /* Profile */ = {
			isa = PBXGroup;
			children = (
				E192571E2BF814ED008E6C35 /* ProfileView.swift */,
			);
			path = Profile;
			sourceTree = "<group>";
		};
		E192572A2BF822DA008E6C35 /* SaveComponents */ = {
			isa = PBXGroup;
			children = (
				E192572B2BF82320008E6C35 /* TextBodySaveView.swift */,
				E192572D2BF823EE008E6C35 /* WebSaveView.swift */,
				E19257312BF82E85008E6C35 /* LocationSaveView.swift */,
				E19257332BF82E92008E6C35 /* TagSaveView.swift */,
				E19257352BF82EAF008E6C35 /* ConnectionSaveView.swift */,
				E19257392BF84EA8008E6C35 /* WebView.swift */,
			);
			path = SaveComponents;
			sourceTree = "<group>";
		};
		E1F179BB2BFEAD3300E6DBC9 /* Object */ = {
			isa = PBXGroup;
			children = (
				E1F179BE2BFEAD8C00E6DBC9 /* AddToolBar */,
				E1F179BC2BFEAD4A00E6DBC9 /* AddObjectView.swift */,
			);
			path = Object;
			sourceTree = "<group>";
		};
		E1F179BE2BFEAD8C00E6DBC9 /* AddToolBar */ = {
			isa = PBXGroup;
			children = (
				E192573D2BFEA2B4008E6C35 /* ToolBarView.swift */,
				E1F179BF2BFEADB900E6DBC9 /* TitleSaveView.swift */,
				E1F179C12BFEAE4900E6DBC9 /* DividerView.swift */,
				E1F179C32BFEAF4800E6DBC9 /* BodyTextAddView.swift */,
				E1F179C52BFEAFA700E6DBC9 /* WebAddView.swift */,
				E1B8F8642BFEC80D00C67491 /* PhotoItemView.swift */,
			);
			path = AddToolBar;
			sourceTree = "<group>";
		};
/* End PBXGroup section */

/* Begin PBXNativeTarget section */
		E19256EC2BF814A2008E6C35 /* fibril */ = {
			isa = PBXNativeTarget;
			buildConfigurationList = E19257122BF814A3008E6C35 /* Build configuration list for PBXNativeTarget "fibril" */;
			buildPhases = (
				E19256E92BF814A2008E6C35 /* Sources */,
				E19256EA2BF814A2008E6C35 /* Frameworks */,
				E19256EB2BF814A2008E6C35 /* Resources */,
			);
			buildRules = (
			);
			dependencies = (
			);
			name = fibril;
			productName = fibril;
			productReference = E19256ED2BF814A2008E6C35 /* fibril.app */;
			productType = "com.apple.product-type.application";
		};
		E19256FD2BF814A3008E6C35 /* fibrilTests */ = {
			isa = PBXNativeTarget;
			buildConfigurationList = E19257152BF814A3008E6C35 /* Build configuration list for PBXNativeTarget "fibrilTests" */;
			buildPhases = (
				E19256FA2BF814A3008E6C35 /* Sources */,
				E19256FB2BF814A3008E6C35 /* Frameworks */,
				E19256FC2BF814A3008E6C35 /* Resources */,
			);
			buildRules = (
			);
			dependencies = (
				E19257002BF814A3008E6C35 /* PBXTargetDependency */,
			);
			name = fibrilTests;
			productName = fibrilTests;
			productReference = E19256FE2BF814A3008E6C35 /* fibrilTests.xctest */;
			productType = "com.apple.product-type.bundle.unit-test";
		};
		E19257072BF814A3008E6C35 /* fibrilUITests */ = {
			isa = PBXNativeTarget;
			buildConfigurationList = E19257182BF814A3008E6C35 /* Build configuration list for PBXNativeTarget "fibrilUITests" */;
			buildPhases = (
				E19257042BF814A3008E6C35 /* Sources */,
				E19257052BF814A3008E6C35 /* Frameworks */,
				E19257062BF814A3008E6C35 /* Resources */,
			);
			buildRules = (
			);
			dependencies = (
				E192570A2BF814A3008E6C35 /* PBXTargetDependency */,
			);
			name = fibrilUITests;
			productName = fibrilUITests;
			productReference = E19257082BF814A3008E6C35 /* fibrilUITests.xctest */;
			productType = "com.apple.product-type.bundle.ui-testing";
		};
/* End PBXNativeTarget section */

/* Begin PBXProject section */
		E19256E52BF814A2008E6C35 /* Project object */ = {
			isa = PBXProject;
			attributes = {
				BuildIndependentTargetsInParallel = 1;
				LastSwiftUpdateCheck = 1530;
				LastUpgradeCheck = 1530;
				TargetAttributes = {
					E19256EC2BF814A2008E6C35 = {
						CreatedOnToolsVersion = 15.3;
					};
					E19256FD2BF814A3008E6C35 = {
						CreatedOnToolsVersion = 15.3;
						TestTargetID = E19256EC2BF814A2008E6C35;
					};
					E19257072BF814A3008E6C35 = {
						CreatedOnToolsVersion = 15.3;
						TestTargetID = E19256EC2BF814A2008E6C35;
					};
				};
			};
			buildConfigurationList = E19256E82BF814A2008E6C35 /* Build configuration list for PBXProject "fibril" */;
			compatibilityVersion = "Xcode 14.0";
			developmentRegion = en;
			hasScannedForEncodings = 0;
			knownRegions = (
				en,
				Base,
			);
			mainGroup = E19256E42BF814A2008E6C35;
			productRefGroup = E19256EE2BF814A2008E6C35 /* Products */;
			projectDirPath = "";
			projectRoot = "";
			targets = (
				E19256EC2BF814A2008E6C35 /* fibril */,
				E19256FD2BF814A3008E6C35 /* fibrilTests */,
				E19257072BF814A3008E6C35 /* fibrilUITests */,
			);
		};
/* End PBXProject section */

/* Begin PBXResourcesBuildPhase section */
		E19256EB2BF814A2008E6C35 /* Resources */ = {
			isa = PBXResourcesBuildPhase;
			buildActionMask = 2147483647;
			files = (
				E19256F92BF814A3008E6C35 /* Preview Assets.xcassets in Resources */,
				E19256F52BF814A3008E6C35 /* Assets.xcassets in Resources */,
			);
			runOnlyForDeploymentPostprocessing = 0;
		};
		E19256FC2BF814A3008E6C35 /* Resources */ = {
			isa = PBXResourcesBuildPhase;
			buildActionMask = 2147483647;
			files = (
			);
			runOnlyForDeploymentPostprocessing = 0;
		};
		E19257062BF814A3008E6C35 /* Resources */ = {
			isa = PBXResourcesBuildPhase;
			buildActionMask = 2147483647;
			files = (
			);
			runOnlyForDeploymentPostprocessing = 0;
		};
/* End PBXResourcesBuildPhase section */

/* Begin PBXSourcesBuildPhase section */
		E19256E92BF814A2008E6C35 /* Sources */ = {
			isa = PBXSourcesBuildPhase;
			buildActionMask = 2147483647;
			files = (
				E1B8F8652BFEC80D00C67491 /* PhotoItemView.swift in Sources */,
				6AB0368F2D14606300A136DD /* AddWordsView.swift in Sources */,
				E19256F32BF814A2008E6C35 /* ContentView.swift in Sources */,
				E192573A2BF84EA8008E6C35 /* WebView.swift in Sources */,
				E1F179C02BFEADB900E6DBC9 /* TitleSaveView.swift in Sources */,
				E192571F2BF814ED008E6C35 /* ProfileView.swift in Sources */,
				E19257212BF8150C008E6C35 /* MainMapView.swift in Sources */,
				E1F179BD2BFEAD4A00E6DBC9 /* AddObjectView.swift in Sources */,
				E192573E2BFEA2B4008E6C35 /* ToolBarView.swift in Sources */,
				E192573C2BFA2A85008E6C35 /* Test.swift in Sources */,
				E19257342BF82E92008E6C35 /* TagSaveView.swift in Sources */,
				6AB036932D1465AD00A136DD /* Word.swift in Sources */,
				E19257252BF8156D008E6C35 /* SaveViewModel.swift in Sources */,
				E19257292BF81B62008E6C35 /* AddInfoView.swift in Sources */,
				E19257272BF81588008E6C35 /* Item.swift in Sources */,
				E19256F12BF814A2008E6C35 /* fibrilApp.swift in Sources */,
				E192572C2BF82320008E6C35 /* TextBodySaveView.swift in Sources */,
				E1F179C22BFEAE4900E6DBC9 /* DividerView.swift in Sources */,
				E1F179C42BFEAF4800E6DBC9 /* BodyTextAddView.swift in Sources */,
				E19257322BF82E85008E6C35 /* LocationSaveView.swift in Sources */,
				E189B7DD2BFF7CCD0051685B /* p.swift in Sources */,
				6AB036912D14616000A136DD /* AddWordViewModel.swift in Sources */,
				E1F179C62BFEAFA700E6DBC9 /* WebAddView.swift in Sources */,
				E192572E2BF823EE008E6C35 /* WebSaveView.swift in Sources */,
				E19257232BF81521008E6C35 /* MainSaveView.swift in Sources */,
				E19257382BF83C16008E6C35 /* scrap.swift in Sources */,
				E19257362BF82EAF008E6C35 /* ConnectionSaveView.swift in Sources */,
			);
			runOnlyForDeploymentPostprocessing = 0;
		};
		E19256FA2BF814A3008E6C35 /* Sources */ = {
			isa = PBXSourcesBuildPhase;
			buildActionMask = 2147483647;
			files = (
				E19257032BF814A3008E6C35 /* fibrilTests.swift in Sources */,
			);
			runOnlyForDeploymentPostprocessing = 0;
		};
		E19257042BF814A3008E6C35 /* Sources */ = {
			isa = PBXSourcesBuildPhase;
			buildActionMask = 2147483647;
			files = (
				E192570F2BF814A3008E6C35 /* fibrilUITestsLaunchTests.swift in Sources */,
				E192570D2BF814A3008E6C35 /* fibrilUITests.swift in Sources */,
			);
			runOnlyForDeploymentPostprocessing = 0;
		};
/* End PBXSourcesBuildPhase section */

/* Begin PBXTargetDependency section */
		E19257002BF814A3008E6C35 /* PBXTargetDependency */ = {
			isa = PBXTargetDependency;
			target = E19256EC2BF814A2008E6C35 /* fibril */;
			targetProxy = E19256FF2BF814A3008E6C35 /* PBXContainerItemProxy */;
		};
		E192570A2BF814A3008E6C35 /* PBXTargetDependency */ = {
			isa = PBXTargetDependency;
			target = E19256EC2BF814A2008E6C35 /* fibril */;
			targetProxy = E19257092BF814A3008E6C35 /* PBXContainerItemProxy */;
		};
/* End PBXTargetDependency section */

/* Begin XCBuildConfiguration section */
		E19257102BF814A3008E6C35 /* Debug */ = {
			isa = XCBuildConfiguration;
			buildSettings = {
				ALWAYS_SEARCH_USER_PATHS = NO;
				ASSETCATALOG_COMPILER_GENERATE_SWIFT_ASSET_SYMBOL_EXTENSIONS = YES;
				CLANG_ANALYZER_NONNULL = YES;
				CLANG_ANALYZER_NUMBER_OBJECT_CONVERSION = YES_AGGRESSIVE;
				CLANG_CXX_LANGUAGE_STANDARD = "gnu++20";
				CLANG_ENABLE_MODULES = YES;
				CLANG_ENABLE_OBJC_ARC = YES;
				CLANG_ENABLE_OBJC_WEAK = YES;
				CLANG_WARN_BLOCK_CAPTURE_AUTORELEASING = YES;
				CLANG_WARN_BOOL_CONVERSION = YES;
				CLANG_WARN_COMMA = YES;
				CLANG_WARN_CONSTANT_CONVERSION = YES;
				CLANG_WARN_DEPRECATED_OBJC_IMPLEMENTATIONS = YES;
				CLANG_WARN_DIRECT_OBJC_ISA_USAGE = YES_ERROR;
				CLANG_WARN_DOCUMENTATION_COMMENTS = YES;
				CLANG_WARN_EMPTY_BODY = YES;
				CLANG_WARN_ENUM_CONVERSION = YES;
				CLANG_WARN_INFINITE_RECURSION = YES;
				CLANG_WARN_INT_CONVERSION = YES;
				CLANG_WARN_NON_LITERAL_NULL_CONVERSION = YES;
				CLANG_WARN_OBJC_IMPLICIT_RETAIN_SELF = YES;
				CLANG_WARN_OBJC_LITERAL_CONVERSION = YES;
				CLANG_WARN_OBJC_ROOT_CLASS = YES_ERROR;
				CLANG_WARN_QUOTED_INCLUDE_IN_FRAMEWORK_HEADER = YES;
				CLANG_WARN_RANGE_LOOP_ANALYSIS = YES;
				CLANG_WARN_STRICT_PROTOTYPES = YES;
				CLANG_WARN_SUSPICIOUS_MOVE = YES;
				CLANG_WARN_UNGUARDED_AVAILABILITY = YES_AGGRESSIVE;
				CLANG_WARN_UNREACHABLE_CODE = YES;
				CLANG_WARN__DUPLICATE_METHOD_MATCH = YES;
				COPY_PHASE_STRIP = NO;
				DEBUG_INFORMATION_FORMAT = dwarf;
				ENABLE_STRICT_OBJC_MSGSEND = YES;
				ENABLE_TESTABILITY = YES;
				ENABLE_USER_SCRIPT_SANDBOXING = YES;
				GCC_C_LANGUAGE_STANDARD = gnu17;
				GCC_DYNAMIC_NO_PIC = NO;
				GCC_NO_COMMON_BLOCKS = YES;
				GCC_OPTIMIZATION_LEVEL = 0;
				GCC_PREPROCESSOR_DEFINITIONS = (
					"DEBUG=1",
					"$(inherited)",
				);
				GCC_WARN_64_TO_32_BIT_CONVERSION = YES;
				GCC_WARN_ABOUT_RETURN_TYPE = YES_ERROR;
				GCC_WARN_UNDECLARED_SELECTOR = YES;
				GCC_WARN_UNINITIALIZED_AUTOS = YES_AGGRESSIVE;
				GCC_WARN_UNUSED_FUNCTION = YES;
				GCC_WARN_UNUSED_VARIABLE = YES;
				LOCALIZATION_PREFERS_STRING_CATALOGS = YES;
				MTL_ENABLE_DEBUG_INFO = INCLUDE_SOURCE;
				MTL_FAST_MATH = YES;
				ONLY_ACTIVE_ARCH = YES;
				SWIFT_ACTIVE_COMPILATION_CONDITIONS = "DEBUG $(inherited)";
				SWIFT_OPTIMIZATION_LEVEL = "-Onone";
			};
			name = Debug;
		};
		E19257112BF814A3008E6C35 /* Release */ = {
			isa = XCBuildConfiguration;
			buildSettings = {
				ALWAYS_SEARCH_USER_PATHS = NO;
				ASSETCATALOG_COMPILER_GENERATE_SWIFT_ASSET_SYMBOL_EXTENSIONS = YES;
				CLANG_ANALYZER_NONNULL = YES;
				CLANG_ANALYZER_NUMBER_OBJECT_CONVERSION = YES_AGGRESSIVE;
				CLANG_CXX_LANGUAGE_STANDARD = "gnu++20";
				CLANG_ENABLE_MODULES = YES;
				CLANG_ENABLE_OBJC_ARC = YES;
				CLANG_ENABLE_OBJC_WEAK = YES;
				CLANG_WARN_BLOCK_CAPTURE_AUTORELEASING = YES;
				CLANG_WARN_BOOL_CONVERSION = YES;
				CLANG_WARN_COMMA = YES;
				CLANG_WARN_CONSTANT_CONVERSION = YES;
				CLANG_WARN_DEPRECATED_OBJC_IMPLEMENTATIONS = YES;
				CLANG_WARN_DIRECT_OBJC_ISA_USAGE = YES_ERROR;
				CLANG_WARN_DOCUMENTATION_COMMENTS = YES;
				CLANG_WARN_EMPTY_BODY = YES;
				CLANG_WARN_ENUM_CONVERSION = YES;
				CLANG_WARN_INFINITE_RECURSION = YES;
				CLANG_WARN_INT_CONVERSION = YES;
				CLANG_WARN_NON_LITERAL_NULL_CONVERSION = YES;
				CLANG_WARN_OBJC_IMPLICIT_RETAIN_SELF = YES;
				CLANG_WARN_OBJC_LITERAL_CONVERSION = YES;
				CLANG_WARN_OBJC_ROOT_CLASS = YES_ERROR;
				CLANG_WARN_QUOTED_INCLUDE_IN_FRAMEWORK_HEADER = YES;
				CLANG_WARN_RANGE_LOOP_ANALYSIS = YES;
				CLANG_WARN_STRICT_PROTOTYPES = YES;
				CLANG_WARN_SUSPICIOUS_MOVE = YES;
				CLANG_WARN_UNGUARDED_AVAILABILITY = YES_AGGRESSIVE;
				CLANG_WARN_UNREACHABLE_CODE = YES;
				CLANG_WARN__DUPLICATE_METHOD_MATCH = YES;
				COPY_PHASE_STRIP = NO;
				DEBUG_INFORMATION_FORMAT = "dwarf-with-dsym";
				ENABLE_NS_ASSERTIONS = NO;
				ENABLE_STRICT_OBJC_MSGSEND = YES;
				ENABLE_USER_SCRIPT_SANDBOXING = YES;
				GCC_C_LANGUAGE_STANDARD = gnu17;
				GCC_NO_COMMON_BLOCKS = YES;
				GCC_WARN_64_TO_32_BIT_CONVERSION = YES;
				GCC_WARN_ABOUT_RETURN_TYPE = YES_ERROR;
				GCC_WARN_UNDECLARED_SELECTOR = YES;
				GCC_WARN_UNINITIALIZED_AUTOS = YES_AGGRESSIVE;
				GCC_WARN_UNUSED_FUNCTION = YES;
				GCC_WARN_UNUSED_VARIABLE = YES;
				LOCALIZATION_PREFERS_STRING_CATALOGS = YES;
				MTL_ENABLE_DEBUG_INFO = NO;
				MTL_FAST_MATH = YES;
				SWIFT_COMPILATION_MODE = wholemodule;
			};
			name = Release;
		};
		E19257132BF814A3008E6C35 /* Debug */ = {
			isa = XCBuildConfiguration;
			buildSettings = {
				ASSETCATALOG_COMPILER_APPICON_NAME = AppIcon;
				ASSETCATALOG_COMPILER_GLOBAL_ACCENT_COLOR_NAME = AccentColor;
				CODE_SIGN_ENTITLEMENTS = fibril/fibril.entitlements;
				CODE_SIGN_STYLE = Automatic;
				CURRENT_PROJECT_VERSION = 1;
				DEVELOPMENT_ASSET_PATHS = "\"fibril/Preview Content\"";
				DEVELOPMENT_TEAM = YB74B758KR;
				ENABLE_HARDENED_RUNTIME = YES;
				ENABLE_PREVIEWS = YES;
				GENERATE_INFOPLIST_FILE = YES;
				"INFOPLIST_KEY_UIApplicationSceneManifest_Generation[sdk=iphoneos*]" = YES;
				"INFOPLIST_KEY_UIApplicationSceneManifest_Generation[sdk=iphonesimulator*]" = YES;
				"INFOPLIST_KEY_UIApplicationSupportsIndirectInputEvents[sdk=iphoneos*]" = YES;
				"INFOPLIST_KEY_UIApplicationSupportsIndirectInputEvents[sdk=iphonesimulator*]" = YES;
				"INFOPLIST_KEY_UILaunchScreen_Generation[sdk=iphoneos*]" = YES;
				"INFOPLIST_KEY_UILaunchScreen_Generation[sdk=iphonesimulator*]" = YES;
				"INFOPLIST_KEY_UIStatusBarStyle[sdk=iphoneos*]" = UIStatusBarStyleDefault;
				"INFOPLIST_KEY_UIStatusBarStyle[sdk=iphonesimulator*]" = UIStatusBarStyleDefault;
				INFOPLIST_KEY_UISupportedInterfaceOrientations_iPad = "UIInterfaceOrientationPortrait UIInterfaceOrientationPortraitUpsideDown UIInterfaceOrientationLandscapeLeft UIInterfaceOrientationLandscapeRight";
				INFOPLIST_KEY_UISupportedInterfaceOrientations_iPhone = "UIInterfaceOrientationPortrait UIInterfaceOrientationLandscapeLeft UIInterfaceOrientationLandscapeRight";
				IPHONEOS_DEPLOYMENT_TARGET = 17.4;
				LD_RUNPATH_SEARCH_PATHS = "@executable_path/Frameworks";
				"LD_RUNPATH_SEARCH_PATHS[sdk=macosx*]" = "@executable_path/../Frameworks";
				MACOSX_DEPLOYMENT_TARGET = 14.4;
				MARKETING_VERSION = 1.0;
				PRODUCT_BUNDLE_IDENTIFIER = nich.fibril;
				PRODUCT_NAME = "$(TARGET_NAME)";
				SDKROOT = auto;
				SUPPORTED_PLATFORMS = "iphoneos iphonesimulator macosx";
				SWIFT_EMIT_LOC_STRINGS = YES;
				SWIFT_VERSION = 5.0;
				TARGETED_DEVICE_FAMILY = "1,2";
			};
			name = Debug;
		};
		E19257142BF814A3008E6C35 /* Release */ = {
			isa = XCBuildConfiguration;
			buildSettings = {
				ASSETCATALOG_COMPILER_APPICON_NAME = AppIcon;
				ASSETCATALOG_COMPILER_GLOBAL_ACCENT_COLOR_NAME = AccentColor;
				CODE_SIGN_ENTITLEMENTS = fibril/fibril.entitlements;
				CODE_SIGN_STYLE = Automatic;
				CURRENT_PROJECT_VERSION = 1;
				DEVELOPMENT_ASSET_PATHS = "\"fibril/Preview Content\"";
				DEVELOPMENT_TEAM = YB74B758KR;
				ENABLE_HARDENED_RUNTIME = YES;
				ENABLE_PREVIEWS = YES;
				GENERATE_INFOPLIST_FILE = YES;
				"INFOPLIST_KEY_UIApplicationSceneManifest_Generation[sdk=iphoneos*]" = YES;
				"INFOPLIST_KEY_UIApplicationSceneManifest_Generation[sdk=iphonesimulator*]" = YES;
				"INFOPLIST_KEY_UIApplicationSupportsIndirectInputEvents[sdk=iphoneos*]" = YES;
				"INFOPLIST_KEY_UIApplicationSupportsIndirectInputEvents[sdk=iphonesimulator*]" = YES;
				"INFOPLIST_KEY_UILaunchScreen_Generation[sdk=iphoneos*]" = YES;
				"INFOPLIST_KEY_UILaunchScreen_Generation[sdk=iphonesimulator*]" = YES;
				"INFOPLIST_KEY_UIStatusBarStyle[sdk=iphoneos*]" = UIStatusBarStyleDefault;
				"INFOPLIST_KEY_UIStatusBarStyle[sdk=iphonesimulator*]" = UIStatusBarStyleDefault;
				INFOPLIST_KEY_UISupportedInterfaceOrientations_iPad = "UIInterfaceOrientationPortrait UIInterfaceOrientationPortraitUpsideDown UIInterfaceOrientationLandscapeLeft UIInterfaceOrientationLandscapeRight";
				INFOPLIST_KEY_UISupportedInterfaceOrientations_iPhone = "UIInterfaceOrientationPortrait UIInterfaceOrientationLandscapeLeft UIInterfaceOrientationLandscapeRight";
				IPHONEOS_DEPLOYMENT_TARGET = 17.4;
				LD_RUNPATH_SEARCH_PATHS = "@executable_path/Frameworks";
				"LD_RUNPATH_SEARCH_PATHS[sdk=macosx*]" = "@executable_path/../Frameworks";
				MACOSX_DEPLOYMENT_TARGET = 14.4;
				MARKETING_VERSION = 1.0;
				PRODUCT_BUNDLE_IDENTIFIER = nich.fibril;
				PRODUCT_NAME = "$(TARGET_NAME)";
				SDKROOT = auto;
				SUPPORTED_PLATFORMS = "iphoneos iphonesimulator macosx";
				SWIFT_EMIT_LOC_STRINGS = YES;
				SWIFT_VERSION = 5.0;
				TARGETED_DEVICE_FAMILY = "1,2";
			};
			name = Release;
		};
		E19257162BF814A3008E6C35 /* Debug */ = {
			isa = XCBuildConfiguration;
			buildSettings = {
				ALWAYS_EMBED_SWIFT_STANDARD_LIBRARIES = YES;
				BUNDLE_LOADER = "$(TEST_HOST)";
				CODE_SIGN_STYLE = Automatic;
				CURRENT_PROJECT_VERSION = 1;
				DEVELOPMENT_TEAM = YB74B758KR;
				GENERATE_INFOPLIST_FILE = YES;
				IPHONEOS_DEPLOYMENT_TARGET = 17.4;
				MACOSX_DEPLOYMENT_TARGET = 14.4;
				MARKETING_VERSION = 1.0;
				PRODUCT_BUNDLE_IDENTIFIER = nich.fibrilTests;
				PRODUCT_NAME = "$(TARGET_NAME)";
				SDKROOT = auto;
				SUPPORTED_PLATFORMS = "iphoneos iphonesimulator macosx";
				SWIFT_EMIT_LOC_STRINGS = NO;
				SWIFT_VERSION = 5.0;
				TARGETED_DEVICE_FAMILY = "1,2";
				TEST_HOST = "$(BUILT_PRODUCTS_DIR)/fibril.app/$(BUNDLE_EXECUTABLE_FOLDER_PATH)/fibril";
			};
			name = Debug;
		};
		E19257172BF814A3008E6C35 /* Release */ = {
			isa = XCBuildConfiguration;
			buildSettings = {
				ALWAYS_EMBED_SWIFT_STANDARD_LIBRARIES = YES;
				BUNDLE_LOADER = "$(TEST_HOST)";
				CODE_SIGN_STYLE = Automatic;
				CURRENT_PROJECT_VERSION = 1;
				DEVELOPMENT_TEAM = YB74B758KR;
				GENERATE_INFOPLIST_FILE = YES;
				IPHONEOS_DEPLOYMENT_TARGET = 17.4;
				MACOSX_DEPLOYMENT_TARGET = 14.4;
				MARKETING_VERSION = 1.0;
				PRODUCT_BUNDLE_IDENTIFIER = nich.fibrilTests;
				PRODUCT_NAME = "$(TARGET_NAME)";
				SDKROOT = auto;
				SUPPORTED_PLATFORMS = "iphoneos iphonesimulator macosx";
				SWIFT_EMIT_LOC_STRINGS = NO;
				SWIFT_VERSION = 5.0;
				TARGETED_DEVICE_FAMILY = "1,2";
				TEST_HOST = "$(BUILT_PRODUCTS_DIR)/fibril.app/$(BUNDLE_EXECUTABLE_FOLDER_PATH)/fibril";
			};
			name = Release;
		};
		E19257192BF814A3008E6C35 /* Debug */ = {
			isa = XCBuildConfiguration;
			buildSettings = {
				ALWAYS_EMBED_SWIFT_STANDARD_LIBRARIES = YES;
				CODE_SIGN_STYLE = Automatic;
				CURRENT_PROJECT_VERSION = 1;
				DEVELOPMENT_TEAM = YB74B758KR;
				GENERATE_INFOPLIST_FILE = YES;
				IPHONEOS_DEPLOYMENT_TARGET = 17.4;
				MACOSX_DEPLOYMENT_TARGET = 14.4;
				MARKETING_VERSION = 1.0;
				PRODUCT_BUNDLE_IDENTIFIER = nich.fibrilUITests;
				PRODUCT_NAME = "$(TARGET_NAME)";
				SDKROOT = auto;
				SUPPORTED_PLATFORMS = "iphoneos iphonesimulator macosx";
				SWIFT_EMIT_LOC_STRINGS = NO;
				SWIFT_VERSION = 5.0;
				TARGETED_DEVICE_FAMILY = "1,2";
				TEST_TARGET_NAME = fibril;
			};
			name = Debug;
		};
		E192571A2BF814A3008E6C35 /* Release */ = {
			isa = XCBuildConfiguration;
			buildSettings = {
				ALWAYS_EMBED_SWIFT_STANDARD_LIBRARIES = YES;
				CODE_SIGN_STYLE = Automatic;
				CURRENT_PROJECT_VERSION = 1;
				DEVELOPMENT_TEAM = YB74B758KR;
				GENERATE_INFOPLIST_FILE = YES;
				IPHONEOS_DEPLOYMENT_TARGET = 17.4;
				MACOSX_DEPLOYMENT_TARGET = 14.4;
				MARKETING_VERSION = 1.0;
				PRODUCT_BUNDLE_IDENTIFIER = nich.fibrilUITests;
				PRODUCT_NAME = "$(TARGET_NAME)";
				SDKROOT = auto;
				SUPPORTED_PLATFORMS = "iphoneos iphonesimulator macosx";
				SWIFT_EMIT_LOC_STRINGS = NO;
				SWIFT_VERSION = 5.0;
				TARGETED_DEVICE_FAMILY = "1,2";
				TEST_TARGET_NAME = fibril;
			};
			name = Release;
		};
/* End XCBuildConfiguration section */

/* Begin XCConfigurationList section */
		E19256E82BF814A2008E6C35 /* Build configuration list for PBXProject "fibril" */ = {
			isa = XCConfigurationList;
			buildConfigurations = (
				E19257102BF814A3008E6C35 /* Debug */,
				E19257112BF814A3008E6C35 /* Release */,
			);
			defaultConfigurationIsVisible = 0;
			defaultConfigurationName = Release;
		};
		E19257122BF814A3008E6C35 /* Build configuration list for PBXNativeTarget "fibril" */ = {
			isa = XCConfigurationList;
			buildConfigurations = (
				E19257132BF814A3008E6C35 /* Debug */,
				E19257142BF814A3008E6C35 /* Release */,
			);
			defaultConfigurationIsVisible = 0;
			defaultConfigurationName = Release;
		};
		E19257152BF814A3008E6C35 /* Build configuration list for PBXNativeTarget "fibrilTests" */ = {
			isa = XCConfigurationList;
			buildConfigurations = (
				E19257162BF814A3008E6C35 /* Debug */,
				E19257172BF814A3008E6C35 /* Release */,
			);
			defaultConfigurationIsVisible = 0;
			defaultConfigurationName = Release;
		};
		E19257182BF814A3008E6C35 /* Build configuration list for PBXNativeTarget "fibrilUITests" */ = {
			isa = XCConfigurationList;
			buildConfigurations = (
				E19257192BF814A3008E6C35 /* Debug */,
				E192571A2BF814A3008E6C35 /* Release */,
			);
			defaultConfigurationIsVisible = 0;
			defaultConfigurationName = Release;
		};
/* End XCConfigurationList section */
	};
	rootObject = E19256E52BF814A2008E6C35 /* Project object */;
}
